
Microsoft Visual Studio Solution File, Format Version 12.00
# Visual Studio Version 16
VisualStudioVersion = 16.0.30204.135
MinimumVisualStudioVersion = 10.0.40219.1
Project("{9A19103F-16F7-4668-BE54-9A1E7A4F7556}") = "GrupoESI", "GrupoESI.csproj", "{96E6C8C9-A61D-4CBB-BF8A-1BD81DA081F1}"
EndProject
Project("{9A19103F-16F7-4668-BE54-9A1E7A4F7556}") = "GrupoESI.UnitaryTests", "..\GrupoESI.UnitaryTests\GrupoESI.UnitaryTests.csproj", "{D86ED7BD-C0B9-4705-8A75-DB61DC023ABF}"
EndProject
Project("{9A19103F-16F7-4668-BE54-9A1E7A4F7556}") = "GrupoESIUtility", "..\GrupoESI.Utility\GrupoESIUtility.csproj", "{B3FF0E25-8A67-4451-8013-F9D32E4DC7EF}"
EndProject
Project("{9A19103F-16F7-4668-BE54-9A1E7A4F7556}") = "GrupoESIModels", "..\GrupoESIModels\GrupoESIModels.csproj", "{6A10EE49-90E4-458C-ABF6-21CC8F574D8E}"
EndProject
Project("{FAE04EC0-301F-11D3-BF4B-00C04F79EFBC}") = "GrupoESIDataAccess", "..\GrupoESIDataAcces\GrupoESIDataAccess.csproj", "{FFD0FBA8-A049-4576-BC0A-F953F5C6C05B}"
EndProject
Global
	GlobalSection(SolutionConfigurationPlatforms) = preSolution
		Debug|Any CPU = Debug|Any CPU
		Release|Any CPU = Release|Any CPU
	EndGlobalSection
	GlobalSection(ProjectConfigurationPlatforms) = postSolution
		{96E6C8C9-A61D-4CBB-BF8A-1BD81DA081F1}.Debug|Any CPU.ActiveCfg = Debug|Any CPU
		{96E6C8C9-A61D-4CBB-BF8A-1BD81DA081F1}.Debug|Any CPU.Build.0 = Debug|Any CPU
		{96E6C8C9-A61D-4CBB-BF8A-1BD81DA081F1}.Release|Any CPU.ActiveCfg = Release|Any CPU
		{96E6C8C9-A61D-4CBB-BF8A-1BD81DA081F1}.Release|Any CPU.Build.0 = Release|Any CPU
		{D86ED7BD-C0B9-4705-8A75-DB61DC023ABF}.Debug|Any CPU.ActiveCfg = Debug|Any CPU
		{D86ED7BD-C0B9-4705-8A75-DB61DC023ABF}.Debug|Any CPU.Build.0 = Debug|Any CPU
		{D86ED7BD-C0B9-4705-8A75-DB61DC023ABF}.Release|Any CPU.ActiveCfg = Release|Any CPU
		{D86ED7BD-C0B9-4705-8A75-DB61DC023ABF}.Release|Any CPU.Build.0 = Release|Any CPU
		{B3FF0E25-8A67-4451-8013-F9D32E4DC7EF}.Debug|Any CPU.ActiveCfg = Debug|Any CPU
		{B3FF0E25-8A67-4451-8013-F9D32E4DC7EF}.Debug|Any CPU.Build.0 = Debug|Any CPU
		{B3FF0E25-8A67-4451-8013-F9D32E4DC7EF}.Release|Any CPU.ActiveCfg = Release|Any CPU
		{B3FF0E25-8A67-4451-8013-F9D32E4DC7EF}.Release|Any CPU.Build.0 = Release|Any CPU
		{6A10EE49-90E4-458C-ABF6-21CC8F574D8E}.Debug|Any CPU.ActiveCfg = Debug|Any CPU
		{6A10EE49-90E4-458C-ABF6-21CC8F574D8E}.Debug|Any CPU.Build.0 = Debug|Any CPU
		{6A10EE49-90E4-458C-ABF6-21CC8F574D8E}.Release|Any CPU.ActiveCfg = Release|Any CPU
		{6A10EE49-90E4-458C-ABF6-21CC8F574D8E}.Release|Any CPU.Build.0 = Release|Any CPU
		{FFD0FBA8-A049-4576-BC0A-F953F5C6C05B}.Debug|Any CPU.ActiveCfg = Debug|Any CPU
		{FFD0FBA8-A049-4576-BC0A-F953F5C6C05B}.Debug|Any CPU.Build.0 = Debug|Any CPU
		{FFD0FBA8-A049-4576-BC0A-F953F5C6C05B}.Release|Any CPU.ActiveCfg = Release|Any CPU
		{FFD0FBA8-A049-4576-BC0A-F953F5C6C05B}.Release|Any CPU.Build.0 = Release|Any CPU
	EndGlobalSection
	GlobalSection(SolutionProperties) = preSolution
		HideSolutionNode = FALSE
	EndGlobalSection
	GlobalSection(ExtensibilityGlobals) = postSolution
		SolutionGuid = {89B327B2-CA96-4CD3-862B-FDC105EAC53F}
	EndGlobalSection
EndGlobal
